// !$*UTF8*$!
{
	archiveVersion = 1;
	classes = {
	};
	objectVersion = 46;
	objects = {

/* Begin PBXBuildFile section */
		A73D8A331AD22FAF00BCFB7A /* main.cpp in Sources */ = {isa = PBXBuildFile; fileRef = A73D8A2B1AD1B69C00BCFB7A /* main.cpp */; };
/* End PBXBuildFile section */

/* Begin PBXCopyFilesBuildPhase section */
		A73D8A261AD1B69C00BCFB7A /* CopyFiles */ = {
			isa = PBXCopyFilesBuildPhase;
			buildActionMask = 2147483647;
			dstPath = /usr/share/man/man1/;
			dstSubfolderSpec = 0;
			files = (
			);
			runOnlyForDeploymentPostprocessing = 1;
		};
/* End PBXCopyFilesBuildPhase section */

/* Begin PBXFileReference section */
		A73D8A281AD1B69C00BCFB7A /* CommandLineTemplateC */ = {isa = PBXFileReference; explicitFileType = "compiled.mach-o.executable"; includeInIndex = 0; path = CommandLineTemplateC; sourceTree = BUILT_PRODUCTS_DIR; };
		A73D8A2B1AD1B69C00BCFB7A /* main.cpp */ = {isa = PBXFileReference; lastKnownFileType = sourcecode.cpp.cpp; path = main.cpp; sourceTree = "<group>"; };
		A73D8A321AD2204200BCFB7A /* RackColors.strings */ = {isa = PBXFileReference; fileEncoding = 4; lastKnownFileType = text.plist.strings; path = RackColors.strings; sourceTree = "<group>"; };
		A73D8A341AD246AE00BCFB7A /* main.h */ = {isa = PBXFileReference; fileEncoding = 4; lastKnownFileType = sourcecode.c.h; path = main.h; sourceTree = "<group>"; };
/* End PBXFileReference section */

/* Begin PBXFrameworksBuildPhase section */
		A73D8A251AD1B69C00BCFB7A /* Frameworks */ = {
			isa = PBXFrameworksBuildPhase;
			buildActionMask = 2147483647;
			files = (
			);
			runOnlyForDeploymentPostprocessing = 0;
		};
/* End PBXFrameworksBuildPhase section */

/* Begin PBXGroup section */
		A73D8A1F1AD1B69C00BCFB7A = {
			isa = PBXGroup;
			children = (
				A73D8A341AD246AE00BCFB7A /* main.h */,
				A73D8A2A1AD1B69C00BCFB7A /* CommandLineTemplateC */,
				A73D8A291AD1B69C00BCFB7A /* Products */,
			);
			sourceTree = "<group>";
		};
		A73D8A291AD1B69C00BCFB7A /* Products */ = {
			isa = PBXGroup;
			children = (
				A73D8A281AD1B69C00BCFB7A /* CommandLineTemplateC */,
			);
			name = Products;
			sourceTree = "<group>";
		};
		A73D8A2A1AD1B69C00BCFB7A /* CommandLineTemplateC */ = {
			isa = PBXGroup;
			children = (
				A73D8A2B1AD1B69C00BCFB7A /* main.cpp */,
				A73D8A321AD2204200BCFB7A /* RackColors.strings */,
			);
			path = CommandLineTemplateC;
			sourceTree = "<group>";
		};
/* End PBXGroup section */

/* Begin PBXNativeTarget section */
		A73D8A271AD1B69C00BCFB7A /* CommandLineTemplateC */ = {
			isa = PBXNativeTarget;
			buildConfigurationList = A73D8A2F1AD1B69C00BCFB7A /* Build configuration list for PBXNativeTarget "CommandLineTemplateC" */;
			buildPhases = (
				A73D8A241AD1B69C00BCFB7A /* Sources */,
				A73D8A251AD1B69C00BCFB7A /* Frameworks */,
				A73D8A261AD1B69C00BCFB7A /* CopyFiles */,
			);
			buildRules = (
			);
			dependencies = (
			);
			name = CommandLineTemplateC;
			productName = CommandLineTemplateC;
			productReference = A73D8A281AD1B69C00BCFB7A /* CommandLineTemplateC */;
			productType = "com.apple.product-type.tool";
		};
/* End PBXNativeTarget section */

/* Begin PBXProject section */
		A73D8A201AD1B69C00BCFB7A /* Project object */ = {
			isa = PBXProject;
			attributes = {
				LastUpgradeCheck = 0620;
				ORGANIZATIONNAME = "tony philip";
				TargetAttributes = {
					A73D8A271AD1B69C00BCFB7A = {
						CreatedOnToolsVersion = 6.2;
					};
				};
			};
			buildConfigurationList = A73D8A231AD1B69C00BCFB7A /* Build configuration list for PBXProject "CommandLineTemplateC" */;
			compatibilityVersion = "Xcode 3.2";
			developmentRegion = English;
			hasScannedForEncodings = 0;
			knownRegions = (
				en,
			);
			mainGroup = A73D8A1F1AD1B69C00BCFB7A;
			productRefGroup = A73D8A291AD1B69C00BCFB7A /* Products */;
			projectDirPath = "";
			projectRoot = "";
			targets = (
				A73D8A271AD1B69C00BCFB7A /* CommandLineTemplateC */,
			);
		};
/* End PBXProject section */

/* Begin PBXSourcesBuildPhase section */
		A73D8A241AD1B69C00BCFB7A /* Sources */ = {
			isa = PBXSourcesBuildPhase;
			buildActionMask = 2147483647;
			files = (
				A73D8A331AD22FAF00BCFB7A /* main.cpp in Sources */,
			);
			runOnlyForDeploymentPostprocessing = 0;
		};
/* End PBXSourcesBuildPhase section */

/* Begin XCBuildConfiguration section */
		A73D8A2D1AD1B69C00BCFB7A /* Debug */ = {
			isa = XCBuildConfiguration;
			buildSettings = {
				ALWAYS_SEARCH_USER_PATHS = NO;
				CLANG_CXX_LANGUAGE_STANDARD = "gnu++0x";
				CLANG_CXX_LIBRARY = "libc++";
				CLANG_ENABLE_MODULES = YES;
				CLANG_ENABLE_OBJC_ARC = YES;
				CLANG_WARN_BOOL_CONVERSION = YES;
				CLANG_WARN_CONSTANT_CONVERSION = YES;
				CLANG_WARN_DIRECT_OBJC_ISA_USAGE = YES_ERROR;
				CLANG_WARN_EMPTY_BODY = YES;
				CLANG_WARN_ENUM_CONVERSION = YES;
				CLANG_WARN_INT_CONVERSION = YES;
				CLANG_WARN_OBJC_ROOT_CLASS = YES_ERROR;
				CLANG_WARN_UNREACHABLE_CODE = YES;
				CLANG_WARN__DUPLICATE_METHOD_MATCH = YES;
				COPY_PHASE_STRIP = NO;
				ENABLE_STRICT_OBJC_MSGSEND = YES;
				GCC_C_LANGUAGE_STANDARD = gnu99;
				GCC_DYNAMIC_NO_PIC = NO;
				GCC_OPTIMIZATION_LEVEL = 0;
				GCC_PREPROCESSOR_DEFINITIONS = (
					"DEBUG=1",
					"$(inherited)",
				);
				GCC_SYMBOLS_PRIVATE_EXTERN = NO;
				GCC_WARN_64_TO_32_BIT_CONVERSION = YES;
				GCC_WARN_ABOUT_RETURN_TYPE = YES_ERROR;
				GCC_WARN_UNDECLARED_SELECTOR = YES;
				GCC_WARN_UNINITIALIZED_AUTOS = YES_AGGRESSIVE;
				GCC_WARN_UNUSED_FUNCTION = YES;
				GCC_WARN_UNUSED_VARIABLE = YES;
				MACOSX_DEPLOYMENT_TARGET = 10.10;
				MTL_ENABLE_DEBUG_INFO = YES;
				ONLY_ACTIVE_ARCH = YES;
				SDKROOT = macosx;
			};
			name = Debug;
		};
		A73D8A2E1AD1B69C00BCFB7A /* Release */ = {
			isa = XCBuildConfiguration;
			buildSettings = {
				ALWAYS_SEARCH_USER_PATHS = NO;
				CLANG_CXX_LANGUAGE_STANDARD = "gnu++0x";
				CLANG_CXX_LIBRARY = "libc++";
				CLANG_ENABLE_MODULES = YES;
				CLANG_ENABLE_OBJC_ARC = YES;
				CLANG_WARN_BOOL_CONVERSION = YES;
				CLANG_WARN_CONSTANT_CONVERSION = YES;
				CLANG_WARN_DIRECT_OBJC_ISA_USAGE = YES_ERROR;
				CLANG_WARN_EMPTY_BODY = YES;
				CLANG_WARN_ENUM_CONVERSION = YES;
				CLANG_WARN_INT_CONVERSION = YES;
				CLANG_WARN_OBJC_ROOT_CLASS = YES_ERROR;
				CLANG_WARN_UNREACHABLE_CODE = YES;
				CLANG_WARN__DUPLICATE_METHOD_MATCH = YES;
				COPY_PHASE_STRIP = NO;
				DEBUG_INFORMATION_FORMAT = "dwarf-with-dsym";
				ENABLE_NS_ASSERTIONS = NO;
				ENABLE_STRICT_OBJC_MSGSEND = YES;
				GCC_C_LANGUAGE_STANDARD = gnu99;
				GCC_WARN_64_TO_32_BIT_CONVERSION = YES;
				GCC_WARN_ABOUT_RETURN_TYPE = YES_ERROR;
				GCC_WARN_UNDECLARED_SELECTOR = YES;
				GCC_WARN_UNINITIALIZED_AUTOS = YES_AGGRESSIVE;
				GCC_WARN_UNUSED_FUNCTION = YES;
				GCC_WARN_UNUSED_VARIABLE = YES;
				MACOSX_DEPLOYMENT_TARGET = 10.10;
				MTL_ENABLE_DEBUG_INFO = NO;
				SDKROOT = macosx;
			};
			name = Release;
		};
		A73D8A301AD1B69C00BCFB7A /* Debug */ = {
			isa = XCBuildConfiguration;
			buildSettings = {
				PRODUCT_NAME = "$(TARGET_NAME)";
			};
			name = Debug;
		};
		A73D8A311AD1B69C00BCFB7A /* Release */ = {
			isa = XCBuildConfiguration;
			buildSettings = {
				PRODUCT_NAME = "$(TARGET_NAME)";
			};
			name = Release;
		};
/* End XCBuildConfiguration section */

/* Begin XCConfigurationList section */
		A73D8A231AD1B69C00BCFB7A /* Build configuration list for PBXProject "CommandLineTemplateC" */ = {
			isa = XCConfigurationList;
			buildConfigurations = (
				A73D8A2D1AD1B69C00BCFB7A /* Debug */,
				A73D8A2E1AD1B69C00BCFB7A /* Release */,
			);
			defaultConfigurationIsVisible = 0;
			defaultConfigurationName = Release;
		};
		A73D8A2F1AD1B69C00BCFB7A /* Build configuration list for PBXNativeTarget "CommandLineTemplateC" */ = {
			isa = XCConfigurationList;
			buildConfigurations = (
				A73D8A301AD1B69C00BCFB7A /* Debug */,
				A73D8A311AD1B69C00BCFB7A /* Release */,
			);
			defaultConfigurationIsVisible = 0;
			defaultConfigurationName = Release;
		};
/* End XCConfigurationList section */
	};
	rootObject = A73D8A201AD1B69C00BCFB7A /* Project object */;
}
